
Microsoft Visual Studio Solution File, Format Version 12.00
# Visual Studio Version 17
VisualStudioVersion = 17.4.33213.308
MinimumVisualStudioVersion = 10.0.40219.1
Project("{FAE04EC0-301F-11D3-BF4B-00C04F79EFBC}") = "SistemaBanco", "SistemaBanco\SistemaBanco.csproj", "{C4B87A3F-3CA6-46C3-A2A6-D29BE4461601}"
EndProject
Global
	GlobalSection(SolutionConfigurationPlatforms) = preSolution
		Debug|Any CPU = Debug|Any CPU
		Release|Any CPU = Release|Any CPU
	EndGlobalSection
	GlobalSection(ProjectConfigurationPlatforms) = postSolution
		{C4B87A3F-3CA6-46C3-A2A6-D29BE4461601}.Debug|Any CPU.ActiveCfg = Debug|Any CPU
		{C4B87A3F-3CA6-46C3-A2A6-D29BE4461601}.Debug|Any CPU.Build.0 = Debug|Any CPU
		{C4B87A3F-3CA6-46C3-A2A6-D29BE4461601}.Release|Any CPU.ActiveCfg = Release|Any CPU
		{C4B87A3F-3CA6-46C3-A2A6-D29BE4461601}.Release|Any CPU.Build.0 = Release|Any CPU
	EndGlobalSection
	GlobalSection(SolutionProperties) = preSolution
		HideSolutionNode = FALSE
	EndGlobalSection
	GlobalSection(ExtensibilityGlobals) = postSolution
		SolutionGuid = {CBA4B28E-62DA-4514-B927-556F58C7D194}
	EndGlobalSection
EndGlobal
